# THIS IS AN AUTOGENERATED FILE. DO NOT EDIT THIS FILE DIRECTLY.
# yarn lockfile v1


"@nivo/annotations@0.70.1":
  "integrity" "sha512-5DmciXCt2DkegkvfdqiJyEYedFiSyoByzIwXMrAHDKM0agw4Z2YWzCjodNSeM5jhMR3MLwscbcCWDAv174InLg=="
  "resolved" "https://registry.npmjs.org/@nivo/annotations/-/annotations-0.70.1.tgz"
  "version" "0.70.1"
  dependencies:
    "@nivo/colors" "0.70.1"
    "@react-spring/web" "9.1.2"
    "lodash" "^4.17.11"

"@nivo/axes@0.70.1":
  "integrity" "sha512-jde8UOvdp3sYL3Y+GjhFNPF9cHlkCFxBvA4QSncUaLE6vFvO4WK2LIt0NDr6oKCoF6NhR0Z3YcjshYT1EBbPKw=="
  "resolved" "https://registry.npmjs.org/@nivo/axes/-/axes-0.70.1.tgz"
  "version" "0.70.1"
  dependencies:
    "@nivo/scales" "0.70.0"
    "@react-spring/web" "9.1.2"
    "d3-format" "^1.4.4"
    "d3-time" "^1.0.11"
    "d3-time-format" "^2.1.3"

"@nivo/colors@0.70.1":
  "integrity" "sha512-PexRlQzybxfeX7noIl0lzIK4VAItEmx9dG8qo9iHkgrDzY6XSxRIMqIGb8aqu7aiopbpivdZ44Ud2bA1O89NUg=="
  "resolved" "https://registry.npmjs.org/@nivo/colors/-/colors-0.70.1.tgz"
  "version" "0.70.1"
  dependencies:
    "d3-color" "^2.0.0"
    "d3-scale" "^3.2.3"
    "d3-scale-chromatic" "^2.0.0"
    "lodash" "^4.17.11"
    "react-motion" "^0.5.2"

"@nivo/core@0.70.1":
  "integrity" "sha512-j+SCOCR5TdXrpy25gnNoWjyU4p3nCupEJDhJsfNF+VeIDm84Zpzk9bT8DGlXKSKHKHql4Cg+9urxx8Sm61D23w=="
  "resolved" "https://registry.npmjs.org/@nivo/core/-/core-0.70.1.tgz"
  "version" "0.70.1"
  dependencies:
    "@nivo/recompose" "0.70.0"
    "@react-spring/web" "9.1.2"
    "d3-color" "^2.0.0"
    "d3-format" "^1.4.4"
    "d3-hierarchy" "^1.1.8"
    "d3-interpolate" "^2.0.1"
    "d3-scale" "^3.2.3"
    "d3-scale-chromatic" "^2.0.0"
    "d3-shape" "^1.3.5"
    "d3-time-format" "^2.1.3"
    "lodash" "^4.17.11"
    "resize-observer-polyfill" "^1.5.1"

"@nivo/legends@0.70.1":
  "integrity" "sha512-a+syic9S/PcnnGgeNCjgxgdnsXJ6tXEDrk+rTpOgFVRHBlqVa1TPT+HUGaDixqLv458RoVIbZmsr2RPTHvFF7Q=="
  "resolved" "https://registry.npmjs.org/@nivo/legends/-/legends-0.70.1.tgz"
  "version" "0.70.1"

"@nivo/line@0.70.1":
  "integrity" "sha512-0KPwS/jbX8j7M/aVf1qWMMbDypi7L6qBUtFCICNTG8zOGcalCMhyiinh+Fzg0ohJHkUKx1k2khSmYmospOD4+g=="
  "resolved" "https://registry.npmjs.org/@nivo/line/-/line-0.70.1.tgz"
  "version" "0.70.1"
  dependencies:
    "@nivo/annotations" "0.70.1"
    "@nivo/axes" "0.70.1"
    "@nivo/colors" "0.70.1"
    "@nivo/legends" "0.70.1"
    "@nivo/scales" "0.70.0"
    "@nivo/tooltip" "0.70.1"
    "@nivo/voronoi" "0.70.1"
    "@react-spring/web" "9.1.2"
    "d3-shape" "^1.3.5"

"@nivo/recompose@0.70.0":
  "integrity" "sha512-cl4DHKpROmpNpUKfbhY8PzYgWSSsAijxQIP72ZV6JqQ0Q+0dHLgTuLuG7Utmt3QKt+9oAp2I47g5PlDiBEh3AQ=="
  "resolved" "https://registry.npmjs.org/@nivo/recompose/-/recompose-0.70.0.tgz"
  "version" "0.70.0"
  dependencies:
    "react-lifecycles-compat" "^3.0.4"

"@nivo/scales@0.70.0":
  "integrity" "sha512-WpCRxaUw1gTfEI0/LAMEz2C0bzqVU0vXh1bvfx5LYfEey+BDUpdHy2/pAms+U+kOSywN6QjRwro7cYStBlkJVw=="
  "resolved" "https://registry.npmjs.org/@nivo/scales/-/scales-0.70.0.tgz"
  "version" "0.70.0"
  dependencies:
    "d3-scale" "^3.2.3"
    "d3-time" "^1.0.11"
    "d3-time-format" "^2.1.3"
    "lodash" "^4.17.11"

"@nivo/tooltip@0.70.1":
  "integrity" "sha512-znCyNY9qEAmU9dr87sgg2tmBQIsMBAmCvjtqWl6VEdhoogiuXkxOhHId3+kXzC7lgkcn0SYjHJNQmV/0sNfRsw=="
  "resolved" "https://registry.npmjs.org/@nivo/tooltip/-/tooltip-0.70.1.tgz"
  "version" "0.70.1"
  dependencies:
    "@react-spring/web" "9.1.2"

"@nivo/voronoi@0.70.1":
  "integrity" "sha512-nS6MWzCJ6bYxBn6PxR9iaWRr3Js5v8QFd8uccD/HxpOnCa9BRNhf7ewR4vzHUUrIFSOTRTxrwT4kkZiI0ha+NA=="
  "resolved" "https://registry.npmjs.org/@nivo/voronoi/-/voronoi-0.70.1.tgz"
  "version" "0.70.1"
  dependencies:
    "d3-delaunay" "^5.3.0"
    "d3-scale" "^3.2.3"

"@react-spring/animated@~9.1.2":
  "integrity" "sha512-nKOGk+3aWbNp46V/CB1J2vR3GJI/Vork8N1WTI5mt+32QekrSsBn5/YFt4/iPaDGhLjukFxF0IjLs6hRLqSObw=="
  "resolved" "https://registry.npmjs.org/@react-spring/animated/-/animated-9.1.2.tgz"
  "version" "9.1.2"
  dependencies:
    "@react-spring/shared" "~9.1.2"
    "@react-spring/types" "~9.1.2"

"@react-spring/core@~9.1.2":
  "integrity" "sha512-rgobYPCcLdDwbHBVqAmvtXhhX92G7MoPltJlzUge843yp1dNr47tkagFdCtw9NMGp6eHu/CE5byh/imlhLLAxw=="
  "resolved" "https://registry.npmjs.org/@react-spring/core/-/core-9.1.2.tgz"
  "version" "9.1.2"
  dependencies:
    "@react-spring/animated" "~9.1.2"
    "@react-spring/shared" "~9.1.2"
    "@react-spring/types" "~9.1.2"

"@react-spring/shared@~9.1.2":
  "integrity" "sha512-sj/RrhFZAteCWAMk+W0t6Ku/skn/lbskCCs8B7ZnHNLMGPM+Zb3MOk+aVbX3T/D0iq/oTnKWyQYqrXDKiFcZ7g=="
  "resolved" "https://registry.npmjs.org/@react-spring/shared/-/shared-9.1.2.tgz"
  "version" "9.1.2"
  dependencies:
    "@react-spring/types" "~9.1.2"
    "rafz" "^0.1.14"

"@react-spring/types@~9.1.2":
  "integrity" "sha512-NZNImL0ymRFbss1cGKX2qSEeFdFoOgnIJZEW4Uczt+wm04J7g0Zuf23Hf8hM35JtxDr8QO5okp8BBtCM5FzzMg=="
  "resolved" "https://registry.npmjs.org/@react-spring/types/-/types-9.1.2.tgz"
  "version" "9.1.2"

"@react-spring/web@9.1.2":
  "integrity" "sha512-E5W9Hmi2bO6CPorCNV/2iv12ux9LxHJAbpXmrBPKWFRqZixysiHoNQKKPG0DmSvUU1uKkvCvMC4VoB6pj/2kxw=="
  "resolved" "https://registry.npmjs.org/@react-spring/web/-/web-9.1.2.tgz"
  "version" "9.1.2"
  dependencies:
    "@react-spring/animated" "~9.1.2"
    "@react-spring/core" "~9.1.2"
    "@react-spring/shared" "~9.1.2"
    "@react-spring/types" "~9.1.2"

"@types/prop-types@*":
  "integrity" "sha512-rZ5drC/jWjrArrS8BR6SIr4cWpW09RNTYt9AMZo3Jwwif+iacXAqgVjm0B0Bv/S1jhDXKHqRVNCbACkJ89RAnQ=="
  "resolved" "https://registry.npmjs.org/@types/prop-types/-/prop-types-15.7.4.tgz"
  "version" "15.7.4"

"@types/react@^17.0.42":
  "integrity" "sha512-nuab3x3CpJ7VFeNA+3HTUuEkvClYHXqWtWd7Ud6AZYW7Z3NH9WKtgU+tFB0ZLcHq+niB/HnzLcaZPqMJ95+k5Q=="
  "resolved" "https://registry.npmjs.org/@types/react/-/react-17.0.42.tgz"
  "version" "17.0.42"
  dependencies:
    "@types/prop-types" "*"
    "@types/scheduler" "*"
    "csstype" "^3.0.2"

"@types/scheduler@*":
  "integrity" "sha512-hppQEBDmlwhFAXKJX2KnWLYu5yMfi91yazPb2l+lbJiwW+wdo1gNeRA+3RgNSO39WYX2euey41KEwnqesU2Jew=="
  "resolved" "https://registry.npmjs.org/@types/scheduler/-/scheduler-0.16.2.tgz"
  "version" "0.16.2"

"csstype@^3.0.2":
  "integrity" "sha512-sa6P2wJ+CAbgyy4KFssIb/JNMLxFvKF1pCYCSXS8ZMuqZnMsrxqI2E5sPyoTpxoPU/gVZMzr2zjOfg8GIZOMsw=="
  "resolved" "https://registry.npmjs.org/csstype/-/csstype-3.0.11.tgz"
  "version" "3.0.11"

"d3-array@^2.3.0", "d3-array@2":
  "integrity" "sha512-B0ErZK/66mHtEsR1TkPEEkwdy+WDesimkM5gpZr5Dsg54BiTA5RXtYW5qTLIAcekaS9xfZrzBLF/OAkB3Qn1YQ=="
  "resolved" "https://registry.npmjs.org/d3-array/-/d3-array-2.12.1.tgz"
  "version" "2.12.1"
  dependencies:
    "internmap" "^1.0.0"

"d3-color@^2.0.0", "d3-color@1 - 2":
  "integrity" "sha512-SPXi0TSKPD4g9tw0NMZFnR95XVgUZiBH+uUTqQuDu1OsE2zomHU7ho0FISciaPvosimixwHFl3WHLGabv6dDgQ=="
  "resolved" "https://registry.npmjs.org/d3-color/-/d3-color-2.0.0.tgz"
  "version" "2.0.0"

"d3-delaunay@^5.3.0":
  "integrity" "sha512-amALSrOllWVLaHTnDLHwMIiz0d1bBu9gZXd1FiLfXf8sHcX9jrcj81TVZOqD4UX7MgBZZ07c8GxzEgBpJqc74w=="
  "resolved" "https://registry.npmjs.org/d3-delaunay/-/d3-delaunay-5.3.0.tgz"
  "version" "5.3.0"
  dependencies:
    "delaunator" "4"

"d3-format@^1.4.4":
  "integrity" "sha512-J0piedu6Z8iB6TbIGfZgDzfXxUFN3qQRMofy2oPdXzQibYGqPB/9iMcxr/TGalU+2RsyDO+U4f33id8tbnSRMQ=="
  "resolved" "https://registry.npmjs.org/d3-format/-/d3-format-1.4.5.tgz"
  "version" "1.4.5"

"d3-format@1 - 2":
  "integrity" "sha512-Ab3S6XuE/Q+flY96HXT0jOXcM4EAClYFnRGY5zsjRGNy6qCYrQsMffs7cV5Q9xejb35zxW5hf/guKw34kvIKsA=="
  "resolved" "https://registry.npmjs.org/d3-format/-/d3-format-2.0.0.tgz"
  "version" "2.0.0"

"d3-hierarchy@^1.1.8":
  "integrity" "sha512-j8tPxlqh1srJHAtxfvOUwKNYJkQuBFdM1+JAUfq6xqH5eAqf93L7oG1NVqDa4CpFZNvnNKtCYEUC8KY9yEn9lQ=="
  "resolved" "https://registry.npmjs.org/d3-hierarchy/-/d3-hierarchy-1.1.9.tgz"
  "version" "1.1.9"

"d3-interpolate@^2.0.1", "d3-interpolate@1 - 2", "d3-interpolate@1.2.0 - 2":
  "integrity" "sha512-c5UhwwTs/yybcmTpAVqwSFl6vrQ8JZJoT5F7xNFK9pymv5C0Ymcc9/LIJHtYIggg/yS9YHw8i8O8tgb9pupjeQ=="
  "resolved" "https://registry.npmjs.org/d3-interpolate/-/d3-interpolate-2.0.1.tgz"
  "version" "2.0.1"
  dependencies:
    "d3-color" "1 - 2"

"d3-path@1":
  "integrity" "sha512-VLaYcn81dtHVTjEHd8B+pbe9yHWpXKZUC87PzoFmsFrJqgFwDe/qxfp5MlfsfM1V5E/iVt0MmEbWQ7FVIXh/bg=="
  "resolved" "https://registry.npmjs.org/d3-path/-/d3-path-1.0.9.tgz"
  "version" "1.0.9"

"d3-scale-chromatic@^2.0.0":
  "integrity" "sha512-LLqy7dJSL8yDy7NRmf6xSlsFZ6zYvJ4BcWFE4zBrOPnQERv9zj24ohnXKRbyi9YHnYV+HN1oEO3iFK971/gkzA=="
  "resolved" "https://registry.npmjs.org/d3-scale-chromatic/-/d3-scale-chromatic-2.0.0.tgz"
  "version" "2.0.0"
  dependencies:
    "d3-color" "1 - 2"
    "d3-interpolate" "1 - 2"

"d3-scale@^3.2.3":
  "integrity" "sha512-1JGp44NQCt5d1g+Yy+GeOnZP7xHo0ii8zsQp6PGzd+C1/dl0KGsp9A7Mxwp+1D1o4unbTTxVdU/ZOIEBoeZPbQ=="
  "resolved" "https://registry.npmjs.org/d3-scale/-/d3-scale-3.3.0.tgz"
  "version" "3.3.0"
  dependencies:
    "d3-array" "^2.3.0"
    "d3-format" "1 - 2"
    "d3-interpolate" "1.2.0 - 2"
    "d3-time" "^2.1.1"
    "d3-time-format" "2 - 3"

"d3-shape@^1.3.5":
  "integrity" "sha512-EUkvKjqPFUAZyOlhY5gzCxCeI0Aep04LwIRpsZ/mLFelJiUfnK56jo5JMDSE7yyP2kLSb6LtF+S5chMk7uqPqw=="
  "resolved" "https://registry.npmjs.org/d3-shape/-/d3-shape-1.3.7.tgz"
  "version" "1.3.7"
  dependencies:
    "d3-path" "1"

"d3-time-format@^2.1.3":
  "integrity" "sha512-guv6b2H37s2Uq/GefleCDtbe0XZAuy7Wa49VGkPVPMfLL9qObgBST3lEHJBMUp8S7NdLQAGIvr2KXk8Hc98iKQ=="
  "resolved" "https://registry.npmjs.org/d3-time-format/-/d3-time-format-2.3.0.tgz"
  "version" "2.3.0"
  dependencies:
    "d3-time" "1"

"d3-time-format@2 - 3":
  "integrity" "sha512-UXJh6EKsHBTjopVqZBhFysQcoXSv/5yLONZvkQ5Kk3qbwiUYkdX17Xa1PT6U1ZWXGGfB1ey5L8dKMlFq2DO0Ag=="
  "resolved" "https://registry.npmjs.org/d3-time-format/-/d3-time-format-3.0.0.tgz"
  "version" "3.0.0"
  dependencies:
    "d3-time" "1 - 2"

"d3-time@^1.0.11", "d3-time@1":
  "integrity" "sha512-Xh0isrZ5rPYYdqhAVk8VLnMEidhz5aP7htAADH6MfzgmmicPkTo8LhkLxci61/lCB7n7UmE3bN0leRt+qvkLxA=="
  "resolved" "https://registry.npmjs.org/d3-time/-/d3-time-1.1.0.tgz"
  "version" "1.1.0"

"d3-time@^2.1.1", "d3-time@1 - 2":
  "integrity" "sha512-/eIQe/eR4kCQwq7yxi7z4c6qEXf2IYGcjoWB5OOQy4Tq9Uv39/947qlDcN2TLkiTzQWzvnsuYPB9TrWaNfipKQ=="
  "resolved" "https://registry.npmjs.org/d3-time/-/d3-time-2.1.1.tgz"
  "version" "2.1.1"
  dependencies:
    "d3-array" "2"

"delaunator@4":
  "integrity" "sha512-WNPWi1IRKZfCt/qIDMfERkDp93+iZEmOxN2yy4Jg+Xhv8SLk2UTqqbe1sfiipn0and9QrE914/ihdx82Y/Giag=="
  "resolved" "https://registry.npmjs.org/delaunator/-/delaunator-4.0.1.tgz"
  "version" "4.0.1"

"internmap@^1.0.0":
  "integrity" "sha512-lDB5YccMydFBtasVtxnZ3MRBHuaoE8GKsppq+EchKL2U4nK/DmEpPHNH8MZe5HkMtpSiTSOZwfN0tzYjO/lJEw=="
  "resolved" "https://registry.npmjs.org/internmap/-/internmap-1.0.1.tgz"
  "version" "1.0.1"

"js-tokens@^3.0.0 || ^4.0.0":
  "integrity" "sha512-RdJUflcE3cUzKiMqQgsCu06FPu9UdIJO0beYbPhHN4k6apgJtifcoCtT9bcxOpYBtpD2kCM6Sbzg4CausW/PKQ=="
  "resolved" "https://registry.npmjs.org/js-tokens/-/js-tokens-4.0.0.tgz"
  "version" "4.0.0"

"lodash@^4.17.11":
  "integrity" "sha512-v2kDEe57lecTulaDIuNTPy3Ry4gLGJ6Z1O3vE1krgXZNrsQ+LFTGHVxVjcXPs17LhbZVGedAJv8XZ1tvj5FvSg=="
  "resolved" "https://registry.npmjs.org/lodash/-/lodash-4.17.21.tgz"
  "version" "4.17.21"

"loose-envify@^1.4.0":
  "integrity" "sha512-lyuxPGr/Wfhrlem2CL/UcnUc1zcqKAImBDzukY7Y5F/yQiNdko6+fRLevlw1HgMySw7f611UIY408EtxRSoK3Q=="
  "resolved" "https://registry.npmjs.org/loose-envify/-/loose-envify-1.4.0.tgz"
  "version" "1.4.0"
  dependencies:
    "js-tokens" "^3.0.0 || ^4.0.0"

"object-assign@^4.1.1":
  "integrity" "sha1-IQmtx5ZYh8/AXLvUQsrIv7s2CGM="
  "resolved" "https://registry.npmjs.org/object-assign/-/object-assign-4.1.1.tgz"
  "version" "4.1.1"

"performance-now@^0.2.0":
  "integrity" "sha1-M+8wxcd9TqIcWlOGnZG1bY8lVeU="
  "resolved" "https://registry.npmjs.org/performance-now/-/performance-now-0.2.0.tgz"
  "version" "0.2.0"

"performance-now@^2.1.0":
  "integrity" "sha1-Ywn04OX6kT7BxpMHrjZLSzd8nns="
  "resolved" "https://registry.npmjs.org/performance-now/-/performance-now-2.1.0.tgz"
  "version" "2.1.0"

"prop-types@^15.5.8", "prop-types@>= 15.5.10 < 16.0.0":
  "integrity" "sha512-oj87CgZICdulUohogVAR7AjlC0327U4el4L6eAvOqCeudMDVU0NThNaV+b9Df4dXgSP1gXMTnPdhfe/2qDH5cg=="
  "resolved" "https://registry.npmjs.org/prop-types/-/prop-types-15.8.1.tgz"
  "version" "15.8.1"
  dependencies:
    "loose-envify" "^1.4.0"
    "object-assign" "^4.1.1"
    "react-is" "^16.13.1"

"raf@^3.1.0":
  "integrity" "sha512-Sq4CW4QhwOHE8ucn6J34MqtZCeWFP2aQSmrlroYgqAV1PjStIhJXxYuTgUIfkEk7zTLjmIjLmU5q+fbD1NnOJA=="
  "resolved" "https://registry.npmjs.org/raf/-/raf-3.4.1.tgz"
  "version" "3.4.1"
  dependencies:
    "performance-now" "^2.1.0"

"rafz@^0.1.14":
  "integrity" "sha512-YiQkedSt1urYtYbvHhTQR3l67M8SZbUvga5eJFM/v4vx/GmDdtXlE2hjJIyRjhhO/PjcdGC+CXCYOUA4onit8w=="
  "resolved" "https://registry.npmjs.org/rafz/-/rafz-0.1.14.tgz"
  "version" "0.1.14"

"react-is@^16.13.1":
  "integrity" "sha512-24e6ynE2H+OKt4kqsOvNd8kBpV65zoxbA4BVsEOB3ARVWQki/DHzaUoC5KuON/BiccDaCCTZBuOcfZs70kR8bQ=="
  "resolved" "https://registry.npmjs.org/react-is/-/react-is-16.13.1.tgz"
  "version" "16.13.1"

"react-lifecycles-compat@^3.0.4":
  "integrity" "sha512-fBASbA6LnOU9dOU2eW7aQ8xmYBSXUIWr+UmF9b1efZBazGNO+rcXT/icdKnYm2pTwcRylVUYwW7H1PHfLekVzA=="
  "resolved" "https://registry.npmjs.org/react-lifecycles-compat/-/react-lifecycles-compat-3.0.4.tgz"
  "version" "3.0.4"

"react-motion@^0.5.2":
  "integrity" "sha512-9q3YAvHoUiWlP3cK0v+w1N5Z23HXMj4IF4YuvjvWegWqNPfLXsOBE/V7UvQGpXxHFKRQQcNcVQE31g9SB/6qgQ=="
  "resolved" "https://registry.npmjs.org/react-motion/-/react-motion-0.5.2.tgz"
  "version" "0.5.2"
  dependencies:
    "performance-now" "^0.2.0"
    "prop-types" "^15.5.8"
    "raf" "^3.1.0"

"resize-observer-polyfill@^1.5.1":
  "integrity" "sha512-LwZrotdHOo12nQuZlHEmtuXdqGoOD0OhaxopaNFxWzInpEgaLWoVuAMbTzixuosCx2nEG58ngzW3vxdWoxIgdg=="
  "resolved" "https://registry.npmjs.org/resize-observer-polyfill/-/resize-observer-polyfill-1.5.1.tgz"
  "version" "1.5.1"
